
Microsoft Visual Studio Solution File, Format Version 12.00
# Visual Studio Version 17
VisualStudioVersion = 17.6.33815.320
MinimumVisualStudioVersion = 10.0.40219.1
Project("{FAE04EC0-301F-11D3-BF4B-00C04F79EFBC}") = "CONTROL", "CONTROL.csproj", "{22C74AFC-4E95-4780-8766-7A8CE291F23E}"
EndProject
Global
	GlobalSection(SolutionConfigurationPlatforms) = preSolution
		Debug|Any CPU = Debug|Any CPU
		Release|Any CPU = Release|Any CPU
	EndGlobalSection
	GlobalSection(ProjectConfigurationPlatforms) = postSolution
		{22C74AFC-4E95-4780-8766-7A8CE291F23E}.Debug|Any CPU.ActiveCfg = Debug|Any CPU
		{22C74AFC-4E95-4780-8766-7A8CE291F23E}.Debug|Any CPU.Build.0 = Debug|Any CPU
		{22C74AFC-4E95-4780-8766-7A8CE291F23E}.Release|Any CPU.ActiveCfg = Release|Any CPU
		{22C74AFC-4E95-4780-8766-7A8CE291F23E}.Release|Any CPU.Build.0 = Release|Any CPU
	EndGlobalSection
	GlobalSection(SolutionProperties) = preSolution
		HideSolutionNode = FALSE
	EndGlobalSection
	GlobalSection(ExtensibilityGlobals) = postSolution
		SolutionGuid = {495031E8-32C1-4B43-BC66-B00536061B2B}
	EndGlobalSection
EndGlobal
